
Microsoft Visual Studio Solution File, Format Version 12.00
# Visual Studio Version 17
VisualStudioVersion = 17.4.33205.214
MinimumVisualStudioVersion = 10.0.40219.1
Project("{9A19103F-16F7-4668-BE54-9A1E7A4F7556}") = "UniversalDreamcastPatcher", "source\UniversalDreamcastPatcher.csproj", "{15CB6CBB-8015-4285-9AD2-F68388D8CCFA}"
EndProject
Project("{9A19103F-16F7-4668-BE54-9A1E7A4F7556}") = "UDP_Patcher", "source_builder\UDP_Patcher.csproj", "{06974BA3-F145-484F-B0C9-28E0142BB0F1}"
EndProject
Global
	GlobalSection(SolutionConfigurationPlatforms) = preSolution
		Debug|Any CPU = Debug|Any CPU
		Release|Any CPU = Release|Any CPU
	EndGlobalSection
	GlobalSection(ProjectConfigurationPlatforms) = postSolution
		{15CB6CBB-8015-4285-9AD2-F68388D8CCFA}.Debug|Any CPU.ActiveCfg = Debug|Any CPU
		{15CB6CBB-8015-4285-9AD2-F68388D8CCFA}.Debug|Any CPU.Build.0 = Debug|Any CPU
		{15CB6CBB-8015-4285-9AD2-F68388D8CCFA}.Release|Any CPU.ActiveCfg = Release|Any CPU
		{15CB6CBB-8015-4285-9AD2-F68388D8CCFA}.Release|Any CPU.Build.0 = Release|Any CPU
		{06974BA3-F145-484F-B0C9-28E0142BB0F1}.Debug|Any CPU.ActiveCfg = Debug|Any CPU
		{06974BA3-F145-484F-B0C9-28E0142BB0F1}.Debug|Any CPU.Build.0 = Debug|Any CPU
		{06974BA3-F145-484F-B0C9-28E0142BB0F1}.Release|Any CPU.ActiveCfg = Release|Any CPU
		{06974BA3-F145-484F-B0C9-28E0142BB0F1}.Release|Any CPU.Build.0 = Release|Any CPU
	EndGlobalSection
	GlobalSection(SolutionProperties) = preSolution
		HideSolutionNode = FALSE
	EndGlobalSection
	GlobalSection(ExtensibilityGlobals) = postSolution
		SolutionGuid = {8E04C7C1-1CA9-4E2E-919A-58E89B2AD3D3}
	EndGlobalSection
EndGlobal
